<?xml version="1.0" encoding="utf-8"?>
<Project ToolsVersion="4.0"
    xmlns="http://schemas.microsoft.com/developer/msbuild/2003">
    <ItemGroup>
        <Filter Include="src" />
        <Filter Include="src\browser" />
        <Filter Include="src\browser\native_overlay" />
        <Filter Include="src\core" />
        <Filter Include="src\features" />
        <Filter Include="src\features\commands" />
        <Filter Include="src\features\exit_rockstar_editor" />
        <Filter Include="src\features\quit_game" />
        <Filter Include="src\features\replay_project_logger" />
        <Filter Include="src\hooking" />
        <Filter Include="src\input" />
        <Filter Include="src\platform" />
        <Filter Include="include" />
        <Filter Include="include\ever" />
        <Filter Include="include\ever\browser" />
        <Filter Include="include\ever\core" />
        <Filter Include="include\ever\features" />
        <Filter Include="include\ever\features\commands" />
        <Filter Include="include\ever\features\exit_rockstar_editor" />
        <Filter Include="include\ever\features\quit_game" />
        <Filter Include="include\ever\features\replay_project_logger" />
        <Filter Include="include\ever\hooking" />
        <Filter Include="include\ever\platform" />
        <Filter Include="include\shv" />
        <Filter Include="third_party" />
        <Filter Include="third_party\cef" />
        <Filter Include="third_party\cef\libcef_dll" />
        <Filter Include="third_party\cef\libcef_dll\base" />
        <Filter Include="third_party\cef\libcef_dll\cpptoc" />
        <Filter Include="third_party\cef\libcef_dll\ctocpp" />
        <Filter Include="third_party\cef\libcef_dll\wrapper" />
        <Filter Include="resources" />
        <Filter Include="lib" />
    </ItemGroup>

    <ItemGroup>
        <ClCompile Include="src\browser\native_overlay\cef_client_runtime.cpp">
            <Filter>src\browser\native_overlay</Filter>
        </ClCompile>
        <ClCompile Include="src\browser\native_overlay\native_overlay_cef_lifecycle.cpp">
            <Filter>src\browser\native_overlay</Filter>
        </ClCompile>
        <ClCompile Include="src\browser\native_overlay\conhost_bridge.cpp">
            <Filter>src\browser\native_overlay</Filter>
        </ClCompile>
        <ClCompile Include="src\browser\native_overlay\native_overlay_console_stage.cpp">
            <Filter>src\browser\native_overlay</Filter>
        </ClCompile>
        <ClCompile Include="src\browser\native_overlay\native_overlay_dxgi_hooks.cpp">
            <Filter>src\browser\native_overlay</Filter>
        </ClCompile>
        <ClCompile Include="src\browser\native_overlay\native_overlay_html_content.cpp">
            <Filter>src\browser\native_overlay</Filter>
        </ClCompile>
        <ClCompile Include="src\browser\native_overlay\native_overlay_input_forwarding.cpp">
            <Filter>src\browser\native_overlay</Filter>
        </ClCompile>
        <ClCompile Include="src\browser\native_overlay\native_overlay_input_routing.cpp">
            <Filter>src\browser\native_overlay</Filter>
        </ClCompile>
        <ClCompile Include="src\browser\native_overlay\native_overlay_logging_utils.cpp">
            <Filter>src\browser\native_overlay</Filter>
        </ClCompile>
        <ClCompile Include="src\browser\native_overlay\native_overlay_public_api.cpp">
            <Filter>src\browser\native_overlay</Filter>
        </ClCompile>
        <ClCompile Include="src\browser\native_overlay\native_overlay_string_utils.cpp">
            <Filter>src\browser\native_overlay</Filter>
        </ClCompile>
        <ClCompile Include="src\browser\native_overlay\overlay_render_path.cpp">
            <Filter>src\browser\native_overlay</Filter>
        </ClCompile>
        <ClCompile Include="src\browser\native_overlay_renderer.cpp">
            <Filter>src\browser</Filter>
        </ClCompile>
        <ClCompile Include="src\browser\overlay_manager.cpp">
            <Filter>src\browser</Filter>
        </ClCompile>
        <ClCompile Include="src\core\dllmain.cpp">
            <Filter>src\core</Filter>
        </ClCompile>
        <ClCompile Include="src\core\plugin.cpp">
            <Filter>src\core</Filter>
        </ClCompile>
        <ClCompile Include="src\features\commands\command_dispatcher.cpp">
            <Filter>src\features\commands</Filter>
        </ClCompile>
        <ClCompile Include="src\features\exit_rockstar_editor\exit_rockstar_editor_action.cpp">
            <Filter>src\features\exit_rockstar_editor</Filter>
        </ClCompile>
        <ClCompile Include="src\features\quit_game\quit_game_action.cpp">
            <Filter>src\features\quit_game</Filter>
        </ClCompile>
        <ClCompile Include="src\features\replay_project_logger\replay_project_logger.cpp">
            <Filter>src\features\replay_project_logger</Filter>
        </ClCompile>
        <ClCompile Include="src\hooking\game_function_patterns.cpp">
            <Filter>src\hooking</Filter>
        </ClCompile>
        <ClCompile Include="src\hooking\pattern_scanner.cpp">
            <Filter>src\hooking</Filter>
        </ClCompile>
        <ClCompile Include="src\input\keyboard.cpp">
            <Filter>src\input</Filter>
        </ClCompile>
        <ClCompile Include="src\platform\debug_console.cpp">
            <Filter>src\platform</Filter>
        </ClCompile>
        <ClCompile Include="src\platform\dll_runtime_loader.cpp">
            <Filter>src\platform</Filter>
        </ClCompile>

        <ClCompile Include="$(CefRoot)\libcef_dll\*.cc">
            <Filter>third_party\cef\libcef_dll</Filter>
        </ClCompile>
        <ClCompile Include="$(CefRoot)\libcef_dll\base\*.cc">
            <Filter>third_party\cef\libcef_dll\base</Filter>
        </ClCompile>
        <ClCompile Include="$(CefRoot)\libcef_dll\cpptoc\*.cc">
            <Filter>third_party\cef\libcef_dll\cpptoc</Filter>
        </ClCompile>
        <ClCompile Include="$(CefRoot)\libcef_dll\ctocpp\*.cc">
            <Filter>third_party\cef\libcef_dll\ctocpp</Filter>
        </ClCompile>
        <ClCompile Include="$(CefRoot)\libcef_dll\wrapper\*.cc">
            <Filter>third_party\cef\libcef_dll\wrapper</Filter>
        </ClCompile>
    </ItemGroup>

    <ItemGroup>
        <ClInclude Include="include\ever\browser\native_overlay_renderer_internal.h">
            <Filter>include\ever\browser</Filter>
        </ClInclude>
        <ClInclude Include="include\ever\browser\native_overlay_renderer.h">
            <Filter>include\ever\browser</Filter>
        </ClInclude>
        <ClInclude Include="include\ever\browser\overlay_manager.h">
            <Filter>include\ever\browser</Filter>
        </ClInclude>
        <ClInclude Include="include\ever\core\plugin.h">
            <Filter>include\ever\core</Filter>
        </ClInclude>
        <ClInclude Include="include\ever\features\commands\command_dispatcher.h">
            <Filter>include\ever\features\commands</Filter>
        </ClInclude>
        <ClInclude Include="include\ever\features\exit_rockstar_editor\exit_rockstar_editor_action.h">
            <Filter>include\ever\features\exit_rockstar_editor</Filter>
        </ClInclude>
        <ClInclude Include="include\ever\features\quit_game\quit_game_action.h">
            <Filter>include\ever\features\quit_game</Filter>
        </ClInclude>
        <ClInclude Include="include\ever\features\replay_project_logger\replay_project_logger.h">
            <Filter>include\ever\features\replay_project_logger</Filter>
        </ClInclude>
        <ClInclude Include="include\ever\hooking\game_function_patterns.h">
            <Filter>include\ever\hooking</Filter>
        </ClInclude>
        <ClInclude Include="include\ever\hooking\hook_definitions.h">
            <Filter>include\ever\hooking</Filter>
        </ClInclude>
        <ClInclude Include="include\ever\hooking\hook_utility.h">
            <Filter>include\ever\hooking</Filter>
        </ClInclude>
        <ClInclude Include="include\ever\hooking\import_export_hook.h">
            <Filter>include\ever\hooking</Filter>
        </ClInclude>
        <ClInclude Include="include\ever\hooking\member_function_hook.h">
            <Filter>include\ever\hooking</Filter>
        </ClInclude>
        <ClInclude Include="include\ever\hooking\pattern_scanner.h">
            <Filter>include\ever\hooking</Filter>
        </ClInclude>
        <ClInclude Include="include\ever\hooking\x64_detour.h">
            <Filter>include\ever\hooking</Filter>
        </ClInclude>
        <ClInclude Include="include\ever\platform\debug_console.h">
            <Filter>include\ever\platform</Filter>
        </ClInclude>
        <ClInclude Include="include\ever\platform\dll_runtime_loader.h">
            <Filter>include\ever\platform</Filter>
        </ClInclude>
        <ClInclude Include="include\shv\enums.h">
            <Filter>include\shv</Filter>
        </ClInclude>
        <ClInclude Include="include\shv\invoker.h">
            <Filter>include\shv</Filter>
        </ClInclude>
        <ClInclude Include="include\shv\keyboard.h">
            <Filter>include\shv</Filter>
        </ClInclude>
        <ClInclude Include="include\shv\main.h">
            <Filter>include\shv</Filter>
        </ClInclude>
        <ClInclude Include="include\shv\natives.h">
            <Filter>include\shv</Filter>
        </ClInclude>
        <ClInclude Include="include\shv\script.h">
            <Filter>include\shv</Filter>
        </ClInclude>
        <ClInclude Include="include\shv\types.h">
            <Filter>include\shv</Filter>
        </ClInclude>
    </ItemGroup>

    <ItemGroup>
        <ResourceCompile Include="resources\resource.rc">
            <Filter>resources</Filter>
        </ResourceCompile>
    </ItemGroup>

    <ItemGroup>
        <None Include="resources\native_overlay_root.html">
            <Filter>resources</Filter>
        </None>
    </ItemGroup>

    <ItemGroup>
        <Library Include="lib\ScriptHookV.lib">
            <Filter>lib</Filter>
        </Library>
    </ItemGroup>
</Project>
